{
	"name": "openbible",
	"version": "0.0.1",
	"lockfileVersion": 3,
	"requires": true,
	"packages": {
		"": {
			"name": "openbible",
			"version": "0.0.1",
			"license": "MIT",
			"dependencies": {
				"preact": "^10.13.0",
				"preact-router": "^4.1.0"
			},
			"devDependencies": {
				"@openbible/usfm": "^0.1.5",
				"domelementtype": "2.2.0",
				"esbuild": "^0.18.15",
				"esbuild-copy-static-files": "0.1.0",
				"esbuild-css-modules-plugin": "3.0.0-dev.16",
				"esbuild-plugin-template": "0.0.3",
				"esbuild-scripts": "^0.0.1",
				"lightningcss": "^1.21.5",
				"svgj": "^1.0.5",
				"typescript": "^5.0.0"
			},
			"engines": {
				"node": ">=14.8.0"
			}
		},
		"../esbuild-plugin-template": {
			"version": "0.0.3",
			"dev": true,
			"license": "MIT",
			"peerDependencies": {
				"esbuild": "^0.18.0"
			}
		},
		"../esbuild-scripts": {
			"version": "0.0.1",
			"dev": true,
			"license": "MIT",
			"dependencies": {
				"commander": "^11.0.0"
			},
			"bin": {
				"esbuild-scripts": "bin.js"
			},
			"peerDependencies": {
				"esbuild": "^0.18.0"
			}
		},
		"../esbuild-scripts/node_modules/@esbuild/linux-x64": {
			"version": "0.18.15",
			"cpu": [
				"x64"
			],
			"dev": true,
			"license": "MIT",
			"optional": true,
			"os": [
				"linux"
			],
			"peer": true,
			"engines": {
				"node": ">=12"
			}
		},
		"../esbuild-scripts/node_modules/commander": {
			"version": "11.0.0",
			"dev": true,
			"license": "MIT",
			"engines": {
				"node": ">=16"
			}
		},
		"../esbuild-scripts/node_modules/esbuild": {
			"version": "0.18.15",
			"dev": true,
			"hasInstallScript": true,
			"license": "MIT",
			"peer": true,
			"bin": {
				"esbuild": "bin/esbuild"
			},
			"engines": {
				"node": ">=12"
			},
			"optionalDependencies": {
				"@esbuild/android-arm": "0.18.15",
				"@esbuild/android-arm64": "0.18.15",
				"@esbuild/android-x64": "0.18.15",
				"@esbuild/darwin-arm64": "0.18.15",
				"@esbuild/darwin-x64": "0.18.15",
				"@esbuild/freebsd-arm64": "0.18.15",
				"@esbuild/freebsd-x64": "0.18.15",
				"@esbuild/linux-arm": "0.18.15",
				"@esbuild/linux-arm64": "0.18.15",
				"@esbuild/linux-ia32": "0.18.15",
				"@esbuild/linux-loong64": "0.18.15",
				"@esbuild/linux-mips64el": "0.18.15",
				"@esbuild/linux-ppc64": "0.18.15",
				"@esbuild/linux-riscv64": "0.18.15",
				"@esbuild/linux-s390x": "0.18.15",
				"@esbuild/linux-x64": "0.18.15",
				"@esbuild/netbsd-x64": "0.18.15",
				"@esbuild/openbsd-x64": "0.18.15",
				"@esbuild/sunos-x64": "0.18.15",
				"@esbuild/win32-arm64": "0.18.15",
				"@esbuild/win32-ia32": "0.18.15",
				"@esbuild/win32-x64": "0.18.15"
			}
		},
		"node_modules/@esbuild/linux-x64": {
			"version": "0.18.15",
			"cpu": [
				"x64"
			],
			"dev": true,
			"license": "MIT",
			"optional": true,
			"os": [
				"linux"
			],
			"engines": {
				"node": ">=12"
			}
		},
		"node_modules/@openbible/usfm": {
			"version": "0.1.5",
			"dev": true,
			"license": "MIT",
			"bin": {
				"usfm": "bin/usfm"
			},
			"engines": {
				"node": ">=12"
			},
			"optionalDependencies": {
				"@openbible/usfm-aarch64-linux": "0.1.5",
				"@openbible/usfm-aarch64-macos": "0.1.5",
				"@openbible/usfm-aarch64-windows": "0.1.5",
				"@openbible/usfm-arm-linux": "0.1.5",
				"@openbible/usfm-x86_64-linux": "0.1.5",
				"@openbible/usfm-x86_64-macos": "0.1.5",
				"@openbible/usfm-x86_64-windows": "0.1.5"
			}
		},
		"node_modules/@openbible/usfm-x86_64-linux": {
			"version": "0.1.5",
			"cpu": [
				"x64"
			],
			"dev": true,
			"license": "MIT",
			"optional": true,
			"os": [
				"linux"
			],
			"engines": {
				"node": ">=12"
			}
		},
		"node_modules/detect-libc": {
			"version": "1.0.3",
			"dev": true,
			"license": "Apache-2.0",
			"bin": {
				"detect-libc": "bin/detect-libc.js"
			},
			"engines": {
				"node": ">=0.10"
			}
		},
		"node_modules/dom-serializer": {
			"version": "1.4.1",
			"dev": true,
			"license": "MIT",
			"dependencies": {
				"domelementtype": "^2.0.1",
				"domhandler": "^4.2.0",
				"entities": "^2.0.0"
			},
			"funding": {
				"url": "https://github.com/cheeriojs/dom-serializer?sponsor=1"
			}
		},
		"node_modules/domelementtype": {
			"version": "2.2.0",
			"dev": true,
			"funding": [
				{
					"type": "github",
					"url": "https://github.com/sponsors/fb55"
				}
			],
			"license": "BSD-2-Clause"
		},
		"node_modules/domhandler": {
			"version": "4.3.1",
			"dev": true,
			"license": "BSD-2-Clause",
			"dependencies": {
				"domelementtype": "^2.2.0"
			},
			"engines": {
				"node": ">= 4"
			},
			"funding": {
				"url": "https://github.com/fb55/domhandler?sponsor=1"
			}
		},
		"node_modules/domutils": {
			"version": "2.8.0",
			"dev": true,
			"license": "BSD-2-Clause",
			"dependencies": {
				"dom-serializer": "^1.0.1",
				"domelementtype": "^2.2.0",
				"domhandler": "^4.2.0"
			},
			"funding": {
				"url": "https://github.com/fb55/domutils?sponsor=1"
			}
		},
		"node_modules/entities": {
			"version": "2.2.0",
			"dev": true,
			"license": "BSD-2-Clause",
			"funding": {
				"url": "https://github.com/fb55/entities?sponsor=1"
			}
		},
		"node_modules/esbuild": {
			"version": "0.18.15",
			"dev": true,
			"hasInstallScript": true,
			"license": "MIT",
			"bin": {
				"esbuild": "bin/esbuild"
			},
			"engines": {
				"node": ">=12"
			},
			"optionalDependencies": {
				"@esbuild/android-arm": "0.18.15",
				"@esbuild/android-arm64": "0.18.15",
				"@esbuild/android-x64": "0.18.15",
				"@esbuild/darwin-arm64": "0.18.15",
				"@esbuild/darwin-x64": "0.18.15",
				"@esbuild/freebsd-arm64": "0.18.15",
				"@esbuild/freebsd-x64": "0.18.15",
				"@esbuild/linux-arm": "0.18.15",
				"@esbuild/linux-arm64": "0.18.15",
				"@esbuild/linux-ia32": "0.18.15",
				"@esbuild/linux-loong64": "0.18.15",
				"@esbuild/linux-mips64el": "0.18.15",
				"@esbuild/linux-ppc64": "0.18.15",
				"@esbuild/linux-riscv64": "0.18.15",
				"@esbuild/linux-s390x": "0.18.15",
				"@esbuild/linux-x64": "0.18.15",
				"@esbuild/netbsd-x64": "0.18.15",
				"@esbuild/openbsd-x64": "0.18.15",
				"@esbuild/sunos-x64": "0.18.15",
				"@esbuild/win32-arm64": "0.18.15",
				"@esbuild/win32-ia32": "0.18.15",
				"@esbuild/win32-x64": "0.18.15"
			}
		},
		"node_modules/esbuild-copy-static-files": {
			"version": "0.1.0",
			"dev": true,
			"license": "MIT"
		},
		"node_modules/esbuild-css-modules-plugin": {
			"version": "3.0.0-dev.16",
			"dev": true,
			"license": "MIT",
			"dependencies": {
				"lightningcss": "^1.20.0",
				"lodash": "^4.17.21",
				"lodash-es": "^4.17.21"
			},
			"engines": {
				"node": ">= 16.20.0"
			},
			"peerDependencies": {
				"esbuild": "*"
			}
		},
		"node_modules/esbuild-plugin-template": {
			"resolved": "../esbuild-plugin-template",
			"link": true
		},
		"node_modules/esbuild-scripts": {
			"resolved": "../esbuild-scripts",
			"link": true
		},
		"node_modules/htmlparser2": {
			"version": "6.1.0",
			"dev": true,
			"funding": [
				"https://github.com/fb55/htmlparser2?sponsor=1",
				{
					"type": "github",
					"url": "https://github.com/sponsors/fb55"
				}
			],
			"license": "MIT",
			"dependencies": {
				"domelementtype": "^2.0.1",
				"domhandler": "^4.0.0",
				"domutils": "^2.5.2",
				"entities": "^2.0.0"
			}
		},
		"node_modules/lightningcss": {
			"version": "1.21.5",
			"dev": true,
			"license": "MPL-2.0",
			"dependencies": {
				"detect-libc": "^1.0.3"
			},
			"engines": {
				"node": ">= 12.0.0"
			},
			"funding": {
				"type": "opencollective",
				"url": "https://opencollective.com/parcel"
			},
			"optionalDependencies": {
				"lightningcss-darwin-arm64": "1.21.5",
				"lightningcss-darwin-x64": "1.21.5",
				"lightningcss-linux-arm-gnueabihf": "1.21.5",
				"lightningcss-linux-arm64-gnu": "1.21.5",
				"lightningcss-linux-arm64-musl": "1.21.5",
				"lightningcss-linux-x64-gnu": "1.21.5",
				"lightningcss-linux-x64-musl": "1.21.5",
				"lightningcss-win32-x64-msvc": "1.21.5"
			}
		},
		"node_modules/lightningcss-linux-x64-gnu": {
			"version": "1.21.5",
			"cpu": [
				"x64"
			],
			"dev": true,
			"license": "MPL-2.0",
			"optional": true,
			"os": [
				"linux"
			],
			"engines": {
				"node": ">= 12.0.0"
			},
			"funding": {
				"type": "opencollective",
				"url": "https://opencollective.com/parcel"
			}
		},
		"node_modules/lightningcss-linux-x64-musl": {
			"version": "1.21.5",
			"cpu": [
				"x64"
			],
			"dev": true,
			"license": "MPL-2.0",
			"optional": true,
			"os": [
				"linux"
			],
			"engines": {
				"node": ">= 12.0.0"
			},
			"funding": {
				"type": "opencollective",
				"url": "https://opencollective.com/parcel"
			}
		},
		"node_modules/lodash": {
			"version": "4.17.21",
			"dev": true,
			"license": "MIT"
		},
		"node_modules/lodash-es": {
			"version": "4.17.21",
			"dev": true,
			"license": "MIT"
		},
		"node_modules/preact": {
			"version": "10.15.1",
			"license": "MIT",
			"funding": {
				"type": "opencollective",
				"url": "https://opencollective.com/preact"
			}
		},
		"node_modules/preact-router": {
			"version": "4.1.1",
			"license": "MIT",
			"peerDependencies": {
				"preact": ">=10"
			}
		},
		"node_modules/svgj": {
			"version": "1.0.5",
			"dev": true,
			"license": "MIT",
			"dependencies": {
				"domelementtype": "^2.1.0",
				"domhandler": "^4.0.0",
				"entities": "^2.2.0",
				"htmlparser2": "^6.0.1",
				"lodash-es": "^4.17.21"
			}
		},
		"node_modules/typescript": {
			"version": "5.1.5",
			"dev": true,
			"license": "Apache-2.0",
			"bin": {
				"tsc": "bin/tsc",
				"tsserver": "bin/tsserver"
			},
			"engines": {
				"node": ">=14.17"
			}
		}
	}
}
